
Microsoft Visual Studio Solution File, Format Version 12.00
# Visual Studio Version 16
VisualStudioVersion = 16.0.30225.117
MinimumVisualStudioVersion = 10.0.40219.1
Project("{F16D4249-6279-474E-8826-742E7FF7445C}") = "NewGame", "NewGame\NewGame.z80cdproj", "{EEA39742-51BF-4FC0-91A9-56CE40D94F88}"
EndProject
Project("{FAE04EC0-301F-11D3-BF4B-00C04F79EFBC}") = "Generar tabla", "Generar tabla\Generar tabla.csproj", "{2A46F8CD-72EA-4BB5-AFA2-40621D096CE2}"
EndProject
Project("{FAE04EC0-301F-11D3-BF4B-00C04F79EFBC}") = "EditorPantallas", "EditorPantallas\EditorPantallas.csproj", "{B3DB3751-E256-4AE8-A557-F427CF1DDC54}"
EndProject
Project("{F16D4249-6279-474E-8826-742E7FF7445C}") = "HERO_INTRO", "HERO_INTRO\HERO_INTRO.z80cdproj", "{5AA1D9F5-546D-41AC-B7F7-00862511CAB0}"
EndProject
Project("{2150E333-8FDC-42A3-9474-1A3956D46DE8}") = "Solution Items", "Solution Items", "{FE26D06B-400A-48FE-90CF-937F17F76827}"
	ProjectSection(SolutionItems) = preProject
		Como montar este caos.txt = Como montar este caos.txt
		hero.hmp = hero.hmp
		hero_scr.tap = hero_scr.tap
	EndProjectSection
EndProject
Global
	GlobalSection(SolutionConfigurationPlatforms) = preSolution
		Debug|Any CPU = Debug|Any CPU
		Release|Any CPU = Release|Any CPU
	EndGlobalSection
	GlobalSection(ProjectConfigurationPlatforms) = postSolution
		{2A46F8CD-72EA-4BB5-AFA2-40621D096CE2}.Debug|Any CPU.ActiveCfg = Debug|Any CPU
		{2A46F8CD-72EA-4BB5-AFA2-40621D096CE2}.Debug|Any CPU.Build.0 = Debug|Any CPU
		{2A46F8CD-72EA-4BB5-AFA2-40621D096CE2}.Release|Any CPU.ActiveCfg = Release|Any CPU
		{2A46F8CD-72EA-4BB5-AFA2-40621D096CE2}.Release|Any CPU.Build.0 = Release|Any CPU
		{B3DB3751-E256-4AE8-A557-F427CF1DDC54}.Debug|Any CPU.ActiveCfg = Debug|Any CPU
		{B3DB3751-E256-4AE8-A557-F427CF1DDC54}.Debug|Any CPU.Build.0 = Debug|Any CPU
		{B3DB3751-E256-4AE8-A557-F427CF1DDC54}.Release|Any CPU.ActiveCfg = Release|Any CPU
		{B3DB3751-E256-4AE8-A557-F427CF1DDC54}.Release|Any CPU.Build.0 = Release|Any CPU
	EndGlobalSection
	GlobalSection(SolutionProperties) = preSolution
		HideSolutionNode = FALSE
	EndGlobalSection
	GlobalSection(ExtensibilityGlobals) = postSolution
		SolutionGuid = {235F8A4C-F774-4E16-B098-75301ACB37BB}
	EndGlobalSection
EndGlobal
